// !$*UTF8*$!
{
	archiveVersion = 1;
	classes = {
	};
	objectVersion = 55;
	objects = {

/* Begin PBXBuildFile section */
		4B8B73EC292E3D7D00D07F49 /* BleDeviceModel.swift in Sources */ = {isa = PBXBuildFile; fileRef = 4B8B73EB292E3D7D00D07F49 /* BleDeviceModel.swift */; };
		4B8B73F029375EFB00D07F49 /* ViewModel.swift in Sources */ = {isa = PBXBuildFile; fileRef = 4B8B73EF29375EFB00D07F49 /* ViewModel.swift */; };
		4BE02A222923BD1C007C221C /* MainCollectionViewCell.swift in Sources */ = {isa = PBXBuildFile; fileRef = 4BE02A202923BD1C007C221C /* MainCollectionViewCell.swift */; };
		4BE02A232923BD1C007C221C /* MainCollectionViewCell.xib in Resources */ = {isa = PBXBuildFile; fileRef = 4BE02A212923BD1C007C221C /* MainCollectionViewCell.xib */; };
		4BE02A252923E35C007C221C /* BleManager.swift in Sources */ = {isa = PBXBuildFile; fileRef = 4BE02A242923E35C007C221C /* BleManager.swift */; };
		4BE02A2C2923F136007C221C /* ViewModelProtocol.swift in Sources */ = {isa = PBXBuildFile; fileRef = 4BE02A2B2923F136007C221C /* ViewModelProtocol.swift */; };
		4BE02A302923F1FC007C221C /* ModelledViewController.swift in Sources */ = {isa = PBXBuildFile; fileRef = 4BE02A2F2923F1FC007C221C /* ModelledViewController.swift */; };
		4BE02A3829266FCA007C221C /* DetailsViewController.swift in Sources */ = {isa = PBXBuildFile; fileRef = 4BE02A3629266FCA007C221C /* DetailsViewController.swift */; };
		4BE02A3929266FCA007C221C /* DetailsViewController.xib in Resources */ = {isa = PBXBuildFile; fileRef = 4BE02A3729266FCA007C221C /* DetailsViewController.xib */; };
		4BE02A3B29267249007C221C /* Extensions.swift in Sources */ = {isa = PBXBuildFile; fileRef = 4BE02A3A29267249007C221C /* Extensions.swift */; };
		4BE02A3D29267866007C221C /* DetailsViewModel.swift in Sources */ = {isa = PBXBuildFile; fileRef = 4BE02A3C29267866007C221C /* DetailsViewModel.swift */; };
		4BE02A3F29269039007C221C /* Constants.swift in Sources */ = {isa = PBXBuildFile; fileRef = 4BE02A3E29269039007C221C /* Constants.swift */; };
		4BE02A442927E5E8007C221C /* DeviceDetailsCollectionViewCell.swift in Sources */ = {isa = PBXBuildFile; fileRef = 4BE02A422927E5E8007C221C /* DeviceDetailsCollectionViewCell.swift */; };
		4BE02A452927E5E8007C221C /* DeviceDetailsCollectionViewCell.xib in Resources */ = {isa = PBXBuildFile; fileRef = 4BE02A432927E5E8007C221C /* DeviceDetailsCollectionViewCell.xib */; };
		4BEEC696292299740007314C /* AppDelegate.swift in Sources */ = {isa = PBXBuildFile; fileRef = 4BEEC695292299740007314C /* AppDelegate.swift */; };
		4BEEC698292299740007314C /* SceneDelegate.swift in Sources */ = {isa = PBXBuildFile; fileRef = 4BEEC697292299740007314C /* SceneDelegate.swift */; };
		4BEEC69F292299760007314C /* Assets.xcassets in Resources */ = {isa = PBXBuildFile; fileRef = 4BEEC69E292299760007314C /* Assets.xcassets */; };
		4BEEC6A2292299760007314C /* LaunchScreen.storyboard in Resources */ = {isa = PBXBuildFile; fileRef = 4BEEC6A0292299760007314C /* LaunchScreen.storyboard */; };
		4BEEC6AD292299770007314C /* BLEProjectTests.swift in Sources */ = {isa = PBXBuildFile; fileRef = 4BEEC6AC292299770007314C /* BLEProjectTests.swift */; };
		4BEEC6B7292299770007314C /* BLEProjectUITests.swift in Sources */ = {isa = PBXBuildFile; fileRef = 4BEEC6B6292299770007314C /* BLEProjectUITests.swift */; };
		4BEEC6B9292299770007314C /* BLEProjectUITestsLaunchTests.swift in Sources */ = {isa = PBXBuildFile; fileRef = 4BEEC6B8292299770007314C /* BLEProjectUITestsLaunchTests.swift */; };
		4BEEC6C729229F220007314C /* MainViewController.swift in Sources */ = {isa = PBXBuildFile; fileRef = 4BEEC6C529229F220007314C /* MainViewController.swift */; };
		4BEEC6C829229F220007314C /* MainViewController.xib in Resources */ = {isa = PBXBuildFile; fileRef = 4BEEC6C629229F220007314C /* MainViewController.xib */; };
		4BEEC6CA29229F400007314C /* MainViewModel.swift in Sources */ = {isa = PBXBuildFile; fileRef = 4BEEC6C929229F400007314C /* MainViewModel.swift */; };
/* End PBXBuildFile section */

/* Begin PBXContainerItemProxy section */
		4BEEC6A9292299770007314C /* PBXContainerItemProxy */ = {
			isa = PBXContainerItemProxy;
			containerPortal = 4BEEC68A292299740007314C /* Project object */;
			proxyType = 1;
			remoteGlobalIDString = 4BEEC691292299740007314C;
			remoteInfo = BLEProject;
		};
		4BEEC6B3292299770007314C /* PBXContainerItemProxy */ = {
			isa = PBXContainerItemProxy;
			containerPortal = 4BEEC68A292299740007314C /* Project object */;
			proxyType = 1;
			remoteGlobalIDString = 4BEEC691292299740007314C;
			remoteInfo = BLEProject;
		};
/* End PBXContainerItemProxy section */

/* Begin PBXFileReference section */
		4B8B73EB292E3D7D00D07F49 /* BleDeviceModel.swift */ = {isa = PBXFileReference; lastKnownFileType = sourcecode.swift; path = BleDeviceModel.swift; sourceTree = "<group>"; };
		4B8B73EF29375EFB00D07F49 /* ViewModel.swift */ = {isa = PBXFileReference; lastKnownFileType = sourcecode.swift; path = ViewModel.swift; sourceTree = "<group>"; };
		4BE02A202923BD1C007C221C /* MainCollectionViewCell.swift */ = {isa = PBXFileReference; lastKnownFileType = sourcecode.swift; path = MainCollectionViewCell.swift; sourceTree = "<group>"; };
		4BE02A212923BD1C007C221C /* MainCollectionViewCell.xib */ = {isa = PBXFileReference; lastKnownFileType = file.xib; path = MainCollectionViewCell.xib; sourceTree = "<group>"; };
		4BE02A242923E35C007C221C /* BleManager.swift */ = {isa = PBXFileReference; lastKnownFileType = sourcecode.swift; path = BleManager.swift; sourceTree = "<group>"; };
		4BE02A2B2923F136007C221C /* ViewModelProtocol.swift */ = {isa = PBXFileReference; lastKnownFileType = sourcecode.swift; path = ViewModelProtocol.swift; sourceTree = "<group>"; };
		4BE02A2F2923F1FC007C221C /* ModelledViewController.swift */ = {isa = PBXFileReference; lastKnownFileType = sourcecode.swift; path = ModelledViewController.swift; sourceTree = "<group>"; };
		4BE02A3629266FCA007C221C /* DetailsViewController.swift */ = {isa = PBXFileReference; lastKnownFileType = sourcecode.swift; path = DetailsViewController.swift; sourceTree = "<group>"; };
		4BE02A3729266FCA007C221C /* DetailsViewController.xib */ = {isa = PBXFileReference; lastKnownFileType = file.xib; path = DetailsViewController.xib; sourceTree = "<group>"; };
		4BE02A3A29267249007C221C /* Extensions.swift */ = {isa = PBXFileReference; lastKnownFileType = sourcecode.swift; path = Extensions.swift; sourceTree = "<group>"; };
		4BE02A3C29267866007C221C /* DetailsViewModel.swift */ = {isa = PBXFileReference; lastKnownFileType = sourcecode.swift; path = DetailsViewModel.swift; sourceTree = "<group>"; };
		4BE02A3E29269039007C221C /* Constants.swift */ = {isa = PBXFileReference; lastKnownFileType = sourcecode.swift; path = Constants.swift; sourceTree = "<group>"; };
		4BE02A422927E5E8007C221C /* DeviceDetailsCollectionViewCell.swift */ = {isa = PBXFileReference; lastKnownFileType = sourcecode.swift; path = DeviceDetailsCollectionViewCell.swift; sourceTree = "<group>"; };
		4BE02A432927E5E8007C221C /* DeviceDetailsCollectionViewCell.xib */ = {isa = PBXFileReference; lastKnownFileType = file.xib; path = DeviceDetailsCollectionViewCell.xib; sourceTree = "<group>"; };
		4BEEC692292299740007314C /* BLEProject.app */ = {isa = PBXFileReference; explicitFileType = wrapper.application; includeInIndex = 0; path = BLEProject.app; sourceTree = BUILT_PRODUCTS_DIR; };
		4BEEC695292299740007314C /* AppDelegate.swift */ = {isa = PBXFileReference; lastKnownFileType = sourcecode.swift; path = AppDelegate.swift; sourceTree = "<group>"; };
		4BEEC697292299740007314C /* SceneDelegate.swift */ = {isa = PBXFileReference; lastKnownFileType = sourcecode.swift; path = SceneDelegate.swift; sourceTree = "<group>"; };
		4BEEC69E292299760007314C /* Assets.xcassets */ = {isa = PBXFileReference; lastKnownFileType = folder.assetcatalog; path = Assets.xcassets; sourceTree = "<group>"; };
		4BEEC6A1292299760007314C /* Base */ = {isa = PBXFileReference; lastKnownFileType = file.storyboard; name = Base; path = Base.lproj/LaunchScreen.storyboard; sourceTree = "<group>"; };
		4BEEC6A3292299760007314C /* Info.plist */ = {isa = PBXFileReference; lastKnownFileType = text.plist.xml; path = Info.plist; sourceTree = "<group>"; };
		4BEEC6A8292299770007314C /* BLEProjectTests.xctest */ = {isa = PBXFileReference; explicitFileType = wrapper.cfbundle; includeInIndex = 0; path = BLEProjectTests.xctest; sourceTree = BUILT_PRODUCTS_DIR; };
		4BEEC6AC292299770007314C /* BLEProjectTests.swift */ = {isa = PBXFileReference; lastKnownFileType = sourcecode.swift; path = BLEProjectTests.swift; sourceTree = "<group>"; };
		4BEEC6B2292299770007314C /* BLEProjectUITests.xctest */ = {isa = PBXFileReference; explicitFileType = wrapper.cfbundle; includeInIndex = 0; path = BLEProjectUITests.xctest; sourceTree = BUILT_PRODUCTS_DIR; };
		4BEEC6B6292299770007314C /* BLEProjectUITests.swift */ = {isa = PBXFileReference; lastKnownFileType = sourcecode.swift; path = BLEProjectUITests.swift; sourceTree = "<group>"; };
		4BEEC6B8292299770007314C /* BLEProjectUITestsLaunchTests.swift */ = {isa = PBXFileReference; lastKnownFileType = sourcecode.swift; path = BLEProjectUITestsLaunchTests.swift; sourceTree = "<group>"; };
		4BEEC6C529229F220007314C /* MainViewController.swift */ = {isa = PBXFileReference; lastKnownFileType = sourcecode.swift; path = MainViewController.swift; sourceTree = "<group>"; };
		4BEEC6C629229F220007314C /* MainViewController.xib */ = {isa = PBXFileReference; lastKnownFileType = file.xib; path = MainViewController.xib; sourceTree = "<group>"; };
		4BEEC6C929229F400007314C /* MainViewModel.swift */ = {isa = PBXFileReference; lastKnownFileType = sourcecode.swift; path = MainViewModel.swift; sourceTree = "<group>"; };
/* End PBXFileReference section */

/* Begin PBXFrameworksBuildPhase section */
		4BEEC68F292299740007314C /* Frameworks */ = {
			isa = PBXFrameworksBuildPhase;
			buildActionMask = 2147483647;
			files = (
			);
			runOnlyForDeploymentPostprocessing = 0;
		};
		4BEEC6A5292299770007314C /* Frameworks */ = {
			isa = PBXFrameworksBuildPhase;
			buildActionMask = 2147483647;
			files = (
			);
			runOnlyForDeploymentPostprocessing = 0;
		};
		4BEEC6AF292299770007314C /* Frameworks */ = {
			isa = PBXFrameworksBuildPhase;
			buildActionMask = 2147483647;
			files = (
			);
			runOnlyForDeploymentPostprocessing = 0;
		};
/* End PBXFrameworksBuildPhase section */

/* Begin PBXGroup section */
		4B8B73ED292E7CCF00D07F49 /* Main Page */ = {
			isa = PBXGroup;
			children = (
				4BE02A1F2923BD00007C221C /* Cells */,
				4BEEC6C529229F220007314C /* MainViewController.swift */,
				4BEEC6C629229F220007314C /* MainViewController.xib */,
				4BEEC6C929229F400007314C /* MainViewModel.swift */,
			);
			path = "Main Page";
			sourceTree = "<group>";
		};
		4B8B73EE292E7CE600D07F49 /* BLE */ = {
			isa = PBXGroup;
			children = (
				4B8B73EB292E3D7D00D07F49 /* BleDeviceModel.swift */,
				4BE02A242923E35C007C221C /* BleManager.swift */,
			);
			path = BLE;
			sourceTree = "<group>";
		};
		4BE02A1F2923BD00007C221C /* Cells */ = {
			isa = PBXGroup;
			children = (
				4BE02A202923BD1C007C221C /* MainCollectionViewCell.swift */,
				4BE02A212923BD1C007C221C /* MainCollectionViewCell.xib */,
			);
			path = Cells;
			sourceTree = "<group>";
		};
		4BE02A2A2923F127007C221C /* MVVM */ = {
			isa = PBXGroup;
			children = (
				4BE02A2B2923F136007C221C /* ViewModelProtocol.swift */,
				4BE02A2F2923F1FC007C221C /* ModelledViewController.swift */,
				4B8B73EF29375EFB00D07F49 /* ViewModel.swift */,
			);
			path = MVVM;
			sourceTree = "<group>";
		};
		4BE02A3529266F92007C221C /* Details Page */ = {
			isa = PBXGroup;
			children = (
				4BE02A412927E5BD007C221C /* Cells */,
				4BE02A3629266FCA007C221C /* DetailsViewController.swift */,
				4BE02A3729266FCA007C221C /* DetailsViewController.xib */,
				4BE02A3C29267866007C221C /* DetailsViewModel.swift */,
			);
			path = "Details Page";
			sourceTree = "<group>";
		};
		4BE02A412927E5BD007C221C /* Cells */ = {
			isa = PBXGroup;
			children = (
				4BE02A422927E5E8007C221C /* DeviceDetailsCollectionViewCell.swift */,
				4BE02A432927E5E8007C221C /* DeviceDetailsCollectionViewCell.xib */,
			);
			path = Cells;
			sourceTree = "<group>";
		};
		4BEEC689292299740007314C = {
			isa = PBXGroup;
			children = (
				4BEEC694292299740007314C /* BLEProject */,
				4BEEC6AB292299770007314C /* BLEProjectTests */,
				4BEEC6B5292299770007314C /* BLEProjectUITests */,
				4BEEC693292299740007314C /* Products */,
			);
			sourceTree = "<group>";
		};
		4BEEC693292299740007314C /* Products */ = {
			isa = PBXGroup;
			children = (
				4BEEC692292299740007314C /* BLEProject.app */,
				4BEEC6A8292299770007314C /* BLEProjectTests.xctest */,
				4BEEC6B2292299770007314C /* BLEProjectUITests.xctest */,
			);
			name = Products;
			sourceTree = "<group>";
		};
		4BEEC694292299740007314C /* BLEProject */ = {
			isa = PBXGroup;
			children = (
				4B8B73EE292E7CE600D07F49 /* BLE */,
				4B8B73ED292E7CCF00D07F49 /* Main Page */,
				4BE02A3529266F92007C221C /* Details Page */,
				4BE02A2A2923F127007C221C /* MVVM */,
				4BEEC695292299740007314C /* AppDelegate.swift */,
				4BEEC697292299740007314C /* SceneDelegate.swift */,
				4BEEC69E292299760007314C /* Assets.xcassets */,
				4BEEC6A0292299760007314C /* LaunchScreen.storyboard */,
				4BEEC6A3292299760007314C /* Info.plist */,
				4BE02A3A29267249007C221C /* Extensions.swift */,
				4BE02A3E29269039007C221C /* Constants.swift */,
			);
			path = BLEProject;
			sourceTree = "<group>";
		};
		4BEEC6AB292299770007314C /* BLEProjectTests */ = {
			isa = PBXGroup;
			children = (
				4BEEC6AC292299770007314C /* BLEProjectTests.swift */,
			);
			path = BLEProjectTests;
			sourceTree = "<group>";
		};
		4BEEC6B5292299770007314C /* BLEProjectUITests */ = {
			isa = PBXGroup;
			children = (
				4BEEC6B6292299770007314C /* BLEProjectUITests.swift */,
				4BEEC6B8292299770007314C /* BLEProjectUITestsLaunchTests.swift */,
			);
			path = BLEProjectUITests;
			sourceTree = "<group>";
		};
/* End PBXGroup section */

/* Begin PBXNativeTarget section */
		4BEEC691292299740007314C /* BLEProject */ = {
			isa = PBXNativeTarget;
			buildConfigurationList = 4BEEC6BC292299770007314C /* Build configuration list for PBXNativeTarget "BLEProject" */;
			buildPhases = (
				4BEEC68E292299740007314C /* Sources */,
				4BEEC68F292299740007314C /* Frameworks */,
				4BEEC690292299740007314C /* Resources */,
			);
			buildRules = (
			);
			dependencies = (
			);
			name = BLEProject;
			productName = BLEProject;
			productReference = 4BEEC692292299740007314C /* BLEProject.app */;
			productType = "com.apple.product-type.application";
		};
		4BEEC6A7292299770007314C /* BLEProjectTests */ = {
			isa = PBXNativeTarget;
			buildConfigurationList = 4BEEC6BF292299770007314C /* Build configuration list for PBXNativeTarget "BLEProjectTests" */;
			buildPhases = (
				4BEEC6A4292299770007314C /* Sources */,
				4BEEC6A5292299770007314C /* Frameworks */,
				4BEEC6A6292299770007314C /* Resources */,
			);
			buildRules = (
			);
			dependencies = (
				4BEEC6AA292299770007314C /* PBXTargetDependency */,
			);
			name = BLEProjectTests;
			productName = BLEProjectTests;
			productReference = 4BEEC6A8292299770007314C /* BLEProjectTests.xctest */;
			productType = "com.apple.product-type.bundle.unit-test";
		};
		4BEEC6B1292299770007314C /* BLEProjectUITests */ = {
			isa = PBXNativeTarget;
			buildConfigurationList = 4BEEC6C2292299770007314C /* Build configuration list for PBXNativeTarget "BLEProjectUITests" */;
			buildPhases = (
				4BEEC6AE292299770007314C /* Sources */,
				4BEEC6AF292299770007314C /* Frameworks */,
				4BEEC6B0292299770007314C /* Resources */,
			);
			buildRules = (
			);
			dependencies = (
				4BEEC6B4292299770007314C /* PBXTargetDependency */,
			);
			name = BLEProjectUITests;
			productName = BLEProjectUITests;
			productReference = 4BEEC6B2292299770007314C /* BLEProjectUITests.xctest */;
			productType = "com.apple.product-type.bundle.ui-testing";
		};
/* End PBXNativeTarget section */

/* Begin PBXProject section */
		4BEEC68A292299740007314C /* Project object */ = {
			isa = PBXProject;
			attributes = {
				BuildIndependentTargetsInParallel = 1;
				LastSwiftUpdateCheck = 1340;
				LastUpgradeCheck = 1340;
				TargetAttributes = {
					4BEEC691292299740007314C = {
						CreatedOnToolsVersion = 13.4.1;
					};
					4BEEC6A7292299770007314C = {
						CreatedOnToolsVersion = 13.4.1;
						TestTargetID = 4BEEC691292299740007314C;
					};
					4BEEC6B1292299770007314C = {
						CreatedOnToolsVersion = 13.4.1;
						TestTargetID = 4BEEC691292299740007314C;
					};
				};
			};
			buildConfigurationList = 4BEEC68D292299740007314C /* Build configuration list for PBXProject "BLEProject" */;
			compatibilityVersion = "Xcode 13.0";
			developmentRegion = en;
			hasScannedForEncodings = 0;
			knownRegions = (
				en,
				Base,
			);
			mainGroup = 4BEEC689292299740007314C;
			productRefGroup = 4BEEC693292299740007314C /* Products */;
			projectDirPath = "";
			projectRoot = "";
			targets = (
				4BEEC691292299740007314C /* BLEProject */,
				4BEEC6A7292299770007314C /* BLEProjectTests */,
				4BEEC6B1292299770007314C /* BLEProjectUITests */,
			);
		};
/* End PBXProject section */

/* Begin PBXResourcesBuildPhase section */
		4BEEC690292299740007314C /* Resources */ = {
			isa = PBXResourcesBuildPhase;
			buildActionMask = 2147483647;
			files = (
				4BEEC6A2292299760007314C /* LaunchScreen.storyboard in Resources */,
				4BEEC6C829229F220007314C /* MainViewController.xib in Resources */,
				4BE02A3929266FCA007C221C /* DetailsViewController.xib in Resources */,
				4BE02A452927E5E8007C221C /* DeviceDetailsCollectionViewCell.xib in Resources */,
				4BEEC69F292299760007314C /* Assets.xcassets in Resources */,
				4BE02A232923BD1C007C221C /* MainCollectionViewCell.xib in Resources */,
			);
			runOnlyForDeploymentPostprocessing = 0;
		};
		4BEEC6A6292299770007314C /* Resources */ = {
			isa = PBXResourcesBuildPhase;
			buildActionMask = 2147483647;
			files = (
			);
			runOnlyForDeploymentPostprocessing = 0;
		};
		4BEEC6B0292299770007314C /* Resources */ = {
			isa = PBXResourcesBuildPhase;
			buildActionMask = 2147483647;
			files = (
			);
			runOnlyForDeploymentPostprocessing = 0;
		};
/* End PBXResourcesBuildPhase section */

/* Begin PBXSourcesBuildPhase section */
		4BEEC68E292299740007314C /* Sources */ = {
			isa = PBXSourcesBuildPhase;
			buildActionMask = 2147483647;
			files = (
				4BE02A2C2923F136007C221C /* ViewModelProtocol.swift in Sources */,
				4BEEC6C729229F220007314C /* MainViewController.swift in Sources */,
				4BE02A252923E35C007C221C /* BleManager.swift in Sources */,
				4BE02A302923F1FC007C221C /* ModelledViewController.swift in Sources */,
				4BEEC696292299740007314C /* AppDelegate.swift in Sources */,
				4BE02A222923BD1C007C221C /* MainCollectionViewCell.swift in Sources */,
				4BE02A3F29269039007C221C /* Constants.swift in Sources */,
				4BEEC698292299740007314C /* SceneDelegate.swift in Sources */,
				4BEEC6CA29229F400007314C /* MainViewModel.swift in Sources */,
				4BE02A3B29267249007C221C /* Extensions.swift in Sources */,
				4B8B73F029375EFB00D07F49 /* ViewModel.swift in Sources */,
				4BE02A442927E5E8007C221C /* DeviceDetailsCollectionViewCell.swift in Sources */,
				4B8B73EC292E3D7D00D07F49 /* BleDeviceModel.swift in Sources */,
				4BE02A3829266FCA007C221C /* DetailsViewController.swift in Sources */,
				4BE02A3D29267866007C221C /* DetailsViewModel.swift in Sources */,
			);
			runOnlyForDeploymentPostprocessing = 0;
		};
		4BEEC6A4292299770007314C /* Sources */ = {
			isa = PBXSourcesBuildPhase;
			buildActionMask = 2147483647;
			files = (
				4BEEC6AD292299770007314C /* BLEProjectTests.swift in Sources */,
			);
			runOnlyForDeploymentPostprocessing = 0;
		};
		4BEEC6AE292299770007314C /* Sources */ = {
			isa = PBXSourcesBuildPhase;
			buildActionMask = 2147483647;
			files = (
				4BEEC6B9292299770007314C /* BLEProjectUITestsLaunchTests.swift in Sources */,
				4BEEC6B7292299770007314C /* BLEProjectUITests.swift in Sources */,
			);
			runOnlyForDeploymentPostprocessing = 0;
		};
/* End PBXSourcesBuildPhase section */

/* Begin PBXTargetDependency section */
		4BEEC6AA292299770007314C /* PBXTargetDependency */ = {
			isa = PBXTargetDependency;
			target = 4BEEC691292299740007314C /* BLEProject */;
			targetProxy = 4BEEC6A9292299770007314C /* PBXContainerItemProxy */;
		};
		4BEEC6B4292299770007314C /* PBXTargetDependency */ = {
			isa = PBXTargetDependency;
			target = 4BEEC691292299740007314C /* BLEProject */;
			targetProxy = 4BEEC6B3292299770007314C /* PBXContainerItemProxy */;
		};
/* End PBXTargetDependency section */

/* Begin PBXVariantGroup section */
		4BEEC6A0292299760007314C /* LaunchScreen.storyboard */ = {
			isa = PBXVariantGroup;
			children = (
				4BEEC6A1292299760007314C /* Base */,
			);
			name = LaunchScreen.storyboard;
			sourceTree = "<group>";
		};
/* End PBXVariantGroup section */

/* Begin XCBuildConfiguration section */
		4BEEC6BA292299770007314C /* Debug */ = {
			isa = XCBuildConfiguration;
			buildSettings = {
				ALWAYS_SEARCH_USER_PATHS = NO;
				CLANG_ANALYZER_NONNULL = YES;
				CLANG_ANALYZER_NUMBER_OBJECT_CONVERSION = YES_AGGRESSIVE;
				CLANG_CXX_LANGUAGE_STANDARD = "gnu++17";
				CLANG_ENABLE_MODULES = YES;
				CLANG_ENABLE_OBJC_ARC = YES;
				CLANG_ENABLE_OBJC_WEAK = YES;
				CLANG_WARN_BLOCK_CAPTURE_AUTORELEASING = YES;
				CLANG_WARN_BOOL_CONVERSION = YES;
				CLANG_WARN_COMMA = YES;
				CLANG_WARN_CONSTANT_CONVERSION = YES;
				CLANG_WARN_DEPRECATED_OBJC_IMPLEMENTATIONS = YES;
				CLANG_WARN_DIRECT_OBJC_ISA_USAGE = YES_ERROR;
				CLANG_WARN_DOCUMENTATION_COMMENTS = YES;
				CLANG_WARN_EMPTY_BODY = YES;
				CLANG_WARN_ENUM_CONVERSION = YES;
				CLANG_WARN_INFINITE_RECURSION = YES;
				CLANG_WARN_INT_CONVERSION = YES;
				CLANG_WARN_NON_LITERAL_NULL_CONVERSION = YES;
				CLANG_WARN_OBJC_IMPLICIT_RETAIN_SELF = YES;
				CLANG_WARN_OBJC_LITERAL_CONVERSION = YES;
				CLANG_WARN_OBJC_ROOT_CLASS = YES_ERROR;
				CLANG_WARN_QUOTED_INCLUDE_IN_FRAMEWORK_HEADER = YES;
				CLANG_WARN_RANGE_LOOP_ANALYSIS = YES;
				CLANG_WARN_STRICT_PROTOTYPES = YES;
				CLANG_WARN_SUSPICIOUS_MOVE = YES;
				CLANG_WARN_UNGUARDED_AVAILABILITY = YES_AGGRESSIVE;
				CLANG_WARN_UNREACHABLE_CODE = YES;
				CLANG_WARN__DUPLICATE_METHOD_MATCH = YES;
				COPY_PHASE_STRIP = NO;
				DEBUG_INFORMATION_FORMAT = dwarf;
				ENABLE_STRICT_OBJC_MSGSEND = YES;
				ENABLE_TESTABILITY = YES;
				GCC_C_LANGUAGE_STANDARD = gnu11;
				GCC_DYNAMIC_NO_PIC = NO;
				GCC_NO_COMMON_BLOCKS = YES;
				GCC_OPTIMIZATION_LEVEL = 0;
				GCC_PREPROCESSOR_DEFINITIONS = (
					"DEBUG=1",
					"$(inherited)",
				);
				GCC_WARN_64_TO_32_BIT_CONVERSION = YES;
				GCC_WARN_ABOUT_RETURN_TYPE = YES_ERROR;
				GCC_WARN_UNDECLARED_SELECTOR = YES;
				GCC_WARN_UNINITIALIZED_AUTOS = YES_AGGRESSIVE;
				GCC_WARN_UNUSED_FUNCTION = YES;
				GCC_WARN_UNUSED_VARIABLE = YES;
				IPHONEOS_DEPLOYMENT_TARGET = 14.0;
				MTL_ENABLE_DEBUG_INFO = INCLUDE_SOURCE;
				MTL_FAST_MATH = YES;
				ONLY_ACTIVE_ARCH = YES;
				SDKROOT = iphoneos;
				SWIFT_ACTIVE_COMPILATION_CONDITIONS = DEBUG;
				SWIFT_OPTIMIZATION_LEVEL = "-Onone";
			};
			name = Debug;
		};
		4BEEC6BB292299770007314C /* Release */ = {
			isa = XCBuildConfiguration;
			buildSettings = {
				ALWAYS_SEARCH_USER_PATHS = NO;
				CLANG_ANALYZER_NONNULL = YES;
				CLANG_ANALYZER_NUMBER_OBJECT_CONVERSION = YES_AGGRESSIVE;
				CLANG_CXX_LANGUAGE_STANDARD = "gnu++17";
				CLANG_ENABLE_MODULES = YES;
				CLANG_ENABLE_OBJC_ARC = YES;
				CLANG_ENABLE_OBJC_WEAK = YES;
				CLANG_WARN_BLOCK_CAPTURE_AUTORELEASING = YES;
				CLANG_WARN_BOOL_CONVERSION = YES;
				CLANG_WARN_COMMA = YES;
				CLANG_WARN_CONSTANT_CONVERSION = YES;
				CLANG_WARN_DEPRECATED_OBJC_IMPLEMENTATIONS = YES;
				CLANG_WARN_DIRECT_OBJC_ISA_USAGE = YES_ERROR;
				CLANG_WARN_DOCUMENTATION_COMMENTS = YES;
				CLANG_WARN_EMPTY_BODY = YES;
				CLANG_WARN_ENUM_CONVERSION = YES;
				CLANG_WARN_INFINITE_RECURSION = YES;
				CLANG_WARN_INT_CONVERSION = YES;
				CLANG_WARN_NON_LITERAL_NULL_CONVERSION = YES;
				CLANG_WARN_OBJC_IMPLICIT_RETAIN_SELF = YES;
				CLANG_WARN_OBJC_LITERAL_CONVERSION = YES;
				CLANG_WARN_OBJC_ROOT_CLASS = YES_ERROR;
				CLANG_WARN_QUOTED_INCLUDE_IN_FRAMEWORK_HEADER = YES;
				CLANG_WARN_RANGE_LOOP_ANALYSIS = YES;
				CLANG_WARN_STRICT_PROTOTYPES = YES;
				CLANG_WARN_SUSPICIOUS_MOVE = YES;
				CLANG_WARN_UNGUARDED_AVAILABILITY = YES_AGGRESSIVE;
				CLANG_WARN_UNREACHABLE_CODE = YES;
				CLANG_WARN__DUPLICATE_METHOD_MATCH = YES;
				COPY_PHASE_STRIP = NO;
				DEBUG_INFORMATION_FORMAT = "dwarf-with-dsym";
				ENABLE_NS_ASSERTIONS = NO;
				ENABLE_STRICT_OBJC_MSGSEND = YES;
				GCC_C_LANGUAGE_STANDARD = gnu11;
				GCC_NO_COMMON_BLOCKS = YES;
				GCC_WARN_64_TO_32_BIT_CONVERSION = YES;
				GCC_WARN_ABOUT_RETURN_TYPE = YES_ERROR;
				GCC_WARN_UNDECLARED_SELECTOR = YES;
				GCC_WARN_UNINITIALIZED_AUTOS = YES_AGGRESSIVE;
				GCC_WARN_UNUSED_FUNCTION = YES;
				GCC_WARN_UNUSED_VARIABLE = YES;
				IPHONEOS_DEPLOYMENT_TARGET = 14.0;
				MTL_ENABLE_DEBUG_INFO = NO;
				MTL_FAST_MATH = YES;
				SDKROOT = iphoneos;
				SWIFT_COMPILATION_MODE = wholemodule;
				SWIFT_OPTIMIZATION_LEVEL = "-O";
				VALIDATE_PRODUCT = YES;
			};
			name = Release;
		};
		4BEEC6BD292299770007314C /* Debug */ = {
			isa = XCBuildConfiguration;
			buildSettings = {
				ASSETCATALOG_COMPILER_APPICON_NAME = AppIcon;
				ASSETCATALOG_COMPILER_GLOBAL_ACCENT_COLOR_NAME = AccentColor;
				CODE_SIGN_STYLE = Automatic;
				CURRENT_PROJECT_VERSION = 1;
				DEVELOPMENT_TEAM = 2G4LW83Q3E;
				GENERATE_INFOPLIST_FILE = YES;
				INFOPLIST_FILE = BLEProject/Info.plist;
				INFOPLIST_KEY_NSBluetoothAlwaysUsageDescription = Whatever;
				INFOPLIST_KEY_NSBluetoothPeripheralUsageDescription = Costam;
				INFOPLIST_KEY_UIApplicationSupportsIndirectInputEvents = YES;
				INFOPLIST_KEY_UILaunchStoryboardName = LaunchScreen;
				INFOPLIST_KEY_UISupportedInterfaceOrientations_iPad = "UIInterfaceOrientationPortrait UIInterfaceOrientationPortraitUpsideDown UIInterfaceOrientationLandscapeLeft UIInterfaceOrientationLandscapeRight";
				INFOPLIST_KEY_UISupportedInterfaceOrientations_iPhone = "UIInterfaceOrientationPortrait UIInterfaceOrientationLandscapeLeft UIInterfaceOrientationLandscapeRight";
				LD_RUNPATH_SEARCH_PATHS = (
					"$(inherited)",
					"@executable_path/Frameworks",
				);
				MARKETING_VERSION = 1.0;
				PRODUCT_BUNDLE_IDENTIFIER = kacpercichosz.BLEProject;
				PRODUCT_NAME = "$(TARGET_NAME)";
				SWIFT_EMIT_LOC_STRINGS = YES;
				SWIFT_VERSION = 5.0;
				TARGETED_DEVICE_FAMILY = "1,2";
			};
			name = Debug;
		};
		4BEEC6BE292299770007314C /* Release */ = {
			isa = XCBuildConfiguration;
			buildSettings = {
				ASSETCATALOG_COMPILER_APPICON_NAME = AppIcon;
				ASSETCATALOG_COMPILER_GLOBAL_ACCENT_COLOR_NAME = AccentColor;
				CODE_SIGN_STYLE = Automatic;
				CURRENT_PROJECT_VERSION = 1;
				DEVELOPMENT_TEAM = 2G4LW83Q3E;
				GENERATE_INFOPLIST_FILE = YES;
				INFOPLIST_FILE = BLEProject/Info.plist;
				INFOPLIST_KEY_NSBluetoothAlwaysUsageDescription = Whatever;
				INFOPLIST_KEY_NSBluetoothPeripheralUsageDescription = Costam;
				INFOPLIST_KEY_UIApplicationSupportsIndirectInputEvents = YES;
				INFOPLIST_KEY_UILaunchStoryboardName = LaunchScreen;
				INFOPLIST_KEY_UISupportedInterfaceOrientations_iPad = "UIInterfaceOrientationPortrait UIInterfaceOrientationPortraitUpsideDown UIInterfaceOrientationLandscapeLeft UIInterfaceOrientationLandscapeRight";
				INFOPLIST_KEY_UISupportedInterfaceOrientations_iPhone = "UIInterfaceOrientationPortrait UIInterfaceOrientationLandscapeLeft UIInterfaceOrientationLandscapeRight";
				LD_RUNPATH_SEARCH_PATHS = (
					"$(inherited)",
					"@executable_path/Frameworks",
				);
				MARKETING_VERSION = 1.0;
				PRODUCT_BUNDLE_IDENTIFIER = kacpercichosz.BLEProject;
				PRODUCT_NAME = "$(TARGET_NAME)";
				SWIFT_EMIT_LOC_STRINGS = YES;
				SWIFT_VERSION = 5.0;
				TARGETED_DEVICE_FAMILY = "1,2";
			};
			name = Release;
		};
		4BEEC6C0292299770007314C /* Debug */ = {
			isa = XCBuildConfiguration;
			buildSettings = {
				ALWAYS_EMBED_SWIFT_STANDARD_LIBRARIES = YES;
				BUNDLE_LOADER = "$(TEST_HOST)";
				CODE_SIGN_STYLE = Automatic;
				CURRENT_PROJECT_VERSION = 1;
				DEVELOPMENT_TEAM = 2G4LW83Q3E;
				GENERATE_INFOPLIST_FILE = YES;
				IPHONEOS_DEPLOYMENT_TARGET = 15.5;
				MARKETING_VERSION = 1.0;
				PRODUCT_BUNDLE_IDENTIFIER = kacpercichosz.BLEProjectTests;
				PRODUCT_NAME = "$(TARGET_NAME)";
				SWIFT_EMIT_LOC_STRINGS = NO;
				SWIFT_VERSION = 5.0;
				TARGETED_DEVICE_FAMILY = "1,2";
				TEST_HOST = "$(BUILT_PRODUCTS_DIR)/BLEProject.app/BLEProject";
			};
			name = Debug;
		};
		4BEEC6C1292299770007314C /* Release */ = {
			isa = XCBuildConfiguration;
			buildSettings = {
				ALWAYS_EMBED_SWIFT_STANDARD_LIBRARIES = YES;
				BUNDLE_LOADER = "$(TEST_HOST)";
				CODE_SIGN_STYLE = Automatic;
				CURRENT_PROJECT_VERSION = 1;
				DEVELOPMENT_TEAM = 2G4LW83Q3E;
				GENERATE_INFOPLIST_FILE = YES;
				IPHONEOS_DEPLOYMENT_TARGET = 15.5;
				MARKETING_VERSION = 1.0;
				PRODUCT_BUNDLE_IDENTIFIER = kacpercichosz.BLEProjectTests;
				PRODUCT_NAME = "$(TARGET_NAME)";
				SWIFT_EMIT_LOC_STRINGS = NO;
				SWIFT_VERSION = 5.0;
				TARGETED_DEVICE_FAMILY = "1,2";
				TEST_HOST = "$(BUILT_PRODUCTS_DIR)/BLEProject.app/BLEProject";
			};
			name = Release;
		};
		4BEEC6C3292299770007314C /* Debug */ = {
			isa = XCBuildConfiguration;
			buildSettings = {
				ALWAYS_EMBED_SWIFT_STANDARD_LIBRARIES = YES;
				CODE_SIGN_STYLE = Automatic;
				CURRENT_PROJECT_VERSION = 1;
				DEVELOPMENT_TEAM = 2G4LW83Q3E;
				GENERATE_INFOPLIST_FILE = YES;
				MARKETING_VERSION = 1.0;
				PRODUCT_BUNDLE_IDENTIFIER = kacpercichosz.BLEProjectUITests;
				PRODUCT_NAME = "$(TARGET_NAME)";
				SWIFT_EMIT_LOC_STRINGS = NO;
				SWIFT_VERSION = 5.0;
				TARGETED_DEVICE_FAMILY = "1,2";
				TEST_TARGET_NAME = BLEProject;
			};
			name = Debug;
		};
		4BEEC6C4292299770007314C /* Release */ = {
			isa = XCBuildConfiguration;
			buildSettings = {
				ALWAYS_EMBED_SWIFT_STANDARD_LIBRARIES = YES;
				CODE_SIGN_STYLE = Automatic;
				CURRENT_PROJECT_VERSION = 1;
				DEVELOPMENT_TEAM = 2G4LW83Q3E;
				GENERATE_INFOPLIST_FILE = YES;
				MARKETING_VERSION = 1.0;
				PRODUCT_BUNDLE_IDENTIFIER = kacpercichosz.BLEProjectUITests;
				PRODUCT_NAME = "$(TARGET_NAME)";
				SWIFT_EMIT_LOC_STRINGS = NO;
				SWIFT_VERSION = 5.0;
				TARGETED_DEVICE_FAMILY = "1,2";
				TEST_TARGET_NAME = BLEProject;
			};
			name = Release;
		};
/* End XCBuildConfiguration section */

/* Begin XCConfigurationList section */
		4BEEC68D292299740007314C /* Build configuration list for PBXProject "BLEProject" */ = {
			isa = XCConfigurationList;
			buildConfigurations = (
				4BEEC6BA292299770007314C /* Debug */,
				4BEEC6BB292299770007314C /* Release */,
			);
			defaultConfigurationIsVisible = 0;
			defaultConfigurationName = Release;
		};
		4BEEC6BC292299770007314C /* Build configuration list for PBXNativeTarget "BLEProject" */ = {
			isa = XCConfigurationList;
			buildConfigurations = (
				4BEEC6BD292299770007314C /* Debug */,
				4BEEC6BE292299770007314C /* Release */,
			);
			defaultConfigurationIsVisible = 0;
			defaultConfigurationName = Release;
		};
		4BEEC6BF292299770007314C /* Build configuration list for PBXNativeTarget "BLEProjectTests" */ = {
			isa = XCConfigurationList;
			buildConfigurations = (
				4BEEC6C0292299770007314C /* Debug */,
				4BEEC6C1292299770007314C /* Release */,
			);
			defaultConfigurationIsVisible = 0;
			defaultConfigurationName = Release;
		};
		4BEEC6C2292299770007314C /* Build configuration list for PBXNativeTarget "BLEProjectUITests" */ = {
			isa = XCConfigurationList;
			buildConfigurations = (
				4BEEC6C3292299770007314C /* Debug */,
				4BEEC6C4292299770007314C /* Release */,
			);
			defaultConfigurationIsVisible = 0;
			defaultConfigurationName = Release;
		};
/* End XCConfigurationList section */
	};
	rootObject = 4BEEC68A292299740007314C /* Project object */;
}
